
Microsoft Visual Studio Solution File, Format Version 12.00
# Visual Studio Version 17
VisualStudioVersion = 17.3.32811.315
MinimumVisualStudioVersion = 10.0.40219.1
Project("{9A19103F-16F7-4668-BE54-9A1E7A4F7556}") = "Example", "Lab1(Tracer)\Example\Example.csproj", "{AFFA1242-5F62-4172-BB2D-9520229E3459}"
EndProject
Project("{9A19103F-16F7-4668-BE54-9A1E7A4F7556}") = "Abstractions", "Lab1(Tracer)\Serialization\Abstractions\Abstractions.csproj", "{7E8769EA-ED62-423E-BDAF-B8347C8B3A2A}"
EndProject
Project("{9A19103F-16F7-4668-BE54-9A1E7A4F7556}") = "Tracer", "Lab1(Tracer)\Tracer.csproj", "{6B5472F9-7163-48FF-A26C-7EC3CC2CE2D2}"
EndProject
Project("{9A19103F-16F7-4668-BE54-9A1E7A4F7556}") = "Test", "Lab1(Tracer)\Core\Test\Test.csproj", "{F6D89A70-9DBE-4E03-99D5-8EE4BBF507BA}"
EndProject
Global
	GlobalSection(SolutionConfigurationPlatforms) = preSolution
		Debug|Any CPU = Debug|Any CPU
		Release|Any CPU = Release|Any CPU
	EndGlobalSection
	GlobalSection(ProjectConfigurationPlatforms) = postSolution
		{AFFA1242-5F62-4172-BB2D-9520229E3459}.Debug|Any CPU.ActiveCfg = Debug|Any CPU
		{AFFA1242-5F62-4172-BB2D-9520229E3459}.Debug|Any CPU.Build.0 = Debug|Any CPU
		{AFFA1242-5F62-4172-BB2D-9520229E3459}.Release|Any CPU.ActiveCfg = Release|Any CPU
		{AFFA1242-5F62-4172-BB2D-9520229E3459}.Release|Any CPU.Build.0 = Release|Any CPU
		{7E8769EA-ED62-423E-BDAF-B8347C8B3A2A}.Debug|Any CPU.ActiveCfg = Debug|Any CPU
		{7E8769EA-ED62-423E-BDAF-B8347C8B3A2A}.Debug|Any CPU.Build.0 = Debug|Any CPU
		{7E8769EA-ED62-423E-BDAF-B8347C8B3A2A}.Release|Any CPU.ActiveCfg = Release|Any CPU
		{7E8769EA-ED62-423E-BDAF-B8347C8B3A2A}.Release|Any CPU.Build.0 = Release|Any CPU
		{6B5472F9-7163-48FF-A26C-7EC3CC2CE2D2}.Debug|Any CPU.ActiveCfg = Debug|Any CPU
		{6B5472F9-7163-48FF-A26C-7EC3CC2CE2D2}.Debug|Any CPU.Build.0 = Debug|Any CPU
		{6B5472F9-7163-48FF-A26C-7EC3CC2CE2D2}.Release|Any CPU.ActiveCfg = Release|Any CPU
		{6B5472F9-7163-48FF-A26C-7EC3CC2CE2D2}.Release|Any CPU.Build.0 = Release|Any CPU
		{F6D89A70-9DBE-4E03-99D5-8EE4BBF507BA}.Debug|Any CPU.ActiveCfg = Debug|Any CPU
		{F6D89A70-9DBE-4E03-99D5-8EE4BBF507BA}.Debug|Any CPU.Build.0 = Debug|Any CPU
		{F6D89A70-9DBE-4E03-99D5-8EE4BBF507BA}.Release|Any CPU.ActiveCfg = Release|Any CPU
		{F6D89A70-9DBE-4E03-99D5-8EE4BBF507BA}.Release|Any CPU.Build.0 = Release|Any CPU
	EndGlobalSection
	GlobalSection(SolutionProperties) = preSolution
		HideSolutionNode = FALSE
	EndGlobalSection
	GlobalSection(ExtensibilityGlobals) = postSolution
		SolutionGuid = {32331412-46C2-4CCB-A0B5-35C0092F1EBD}
	EndGlobalSection
EndGlobal
